<?xml version="1.0" encoding="utf-8"?>
<Project ToolsVersion="4.0" xmlns="http://schemas.microsoft.com/developer/msbuild/2003">
  <ItemGroup>
    <Filter Include="Source Files">
      <UniqueIdentifier>{4FC737F1-C7A5-4376-A066-2A32D752A2FF}</UniqueIdentifier>
      <Extensions>cpp;c;cc;cxx;def;odl;idl;hpj;bat;asm;asmx</Extensions>
    </Filter>
    <Filter Include="Header Files">
      <UniqueIdentifier>{93995380-89BD-4b04-88EB-625FBE52EBFB}</UniqueIdentifier>
      <Extensions>h;hpp;hxx;hm;inl;inc;xsd</Extensions>
    </Filter>
    <Filter Include="Resource Files">
      <UniqueIdentifier>{67DA6AB6-F800-4c08-8B7A-83BB121AAD01}</UniqueIdentifier>
      <Extensions>rc;ico;cur;bmp;dlg;rc2;rct;bin;rgs;gif;jpg;jpeg;jpe;resx;tiff;tif;png;wav;mfcribbon-ms</Extensions>
    </Filter>
  </ItemGroup>
  <ItemGroup>
    <None Include="ReadMe.txt" />
  </ItemGroup>
  <ItemGroup>
    <ClCompile Include="Zed.cpp">
      <Filter>Source Files</Filter>
    </ClCompile>
    <ClCompile Include="cmt.cpp">
      <Filter>Source Files</Filter>
    </ClCompile>
    <ClCompile Include="hl.cpp">
      <Filter>Source Files</Filter>
    </ClCompile>
    <ClCompile Include="input.cpp">
      <Filter>Source Files</Filter>
    </ClCompile>
    <ClCompile Include="myfile.cpp">
      <Filter>Source Files</Filter>
    </ClCompile>
    <ClCompile Include="mystring.cpp">
      <Filter>Source Files</Filter>
    </ClCompile>
    <ClCompile Include="mytimer.cpp">
      <Filter>Source Files</Filter>
    </ClCompile>
    <ClCompile Include="readconf.cpp">
      <Filter>Source Files</Filter>
    </ClCompile>
    <ClCompile Include="reserved.cpp">
      <Filter>Source Files</Filter>
    </ClCompile>
    <ClCompile Include="shutdown.cpp">
      <Filter>Source Files</Filter>
    </ClCompile>
    <ClCompile Include="stlstuff.cpp">
      <Filter>Source Files</Filter>
    </ClCompile>
    <ClCompile Include="tcollect.cpp">
      <Filter>Source Files</Filter>
    </ClCompile>
    <ClCompile Include="tok.cpp">
      <Filter>Source Files</Filter>
    </ClCompile>
    <ClCompile Include="video.cpp">
      <Filter>Source Files</Filter>
    </ClCompile>
    <ClCompile Include="zedclass.cpp">
      <Filter>Source Files</Filter>
    </ClCompile>
  </ItemGroup>
  <ItemGroup>
    <ClInclude Include="ascii.h">
      <Filter>Header Files</Filter>
    </ClInclude>
    <ClInclude Include="at.h">
      <Filter>Header Files</Filter>
    </ClInclude>
    <ClInclude Include="cfg.h">
      <Filter>Header Files</Filter>
    </ClInclude>
    <ClInclude Include="cmt.h">
      <Filter>Header Files</Filter>
    </ClInclude>
    <ClInclude Include="dynarr.h">
      <Filter>Header Files</Filter>
    </ClInclude>
    <ClInclude Include="hl.h">
      <Filter>Header Files</Filter>
    </ClInclude>
    <ClInclude Include="input.h">
      <Filter>Header Files</Filter>
    </ClInclude>
    <ClInclude Include="keyboard.h">
      <Filter>Header Files</Filter>
    </ClInclude>
    <ClInclude Include="minmax.h">
      <Filter>Header Files</Filter>
    </ClInclude>
    <ClInclude Include="myfile.h">
      <Filter>Header Files</Filter>
    </ClInclude>
    <ClInclude Include="myhash.h">
      <Filter>Header Files</Filter>
    </ClInclude>
    <ClInclude Include="mystack.h">
      <Filter>Header Files</Filter>
    </ClInclude>
    <ClInclude Include="mystring.h">
      <Filter>Header Files</Filter>
    </ClInclude>
    <ClInclude Include="mytimer.h">
      <Filter>Header Files</Filter>
    </ClInclude>
    <ClInclude Include="pmt.h">
      <Filter>Header Files</Filter>
    </ClInclude>
    <ClInclude Include="readconf.h">
      <Filter>Header Files</Filter>
    </ClInclude>
    <ClInclude Include="reserved.h">
      <Filter>Header Files</Filter>
    </ClInclude>
    <ClInclude Include="shutdown.h">
      <Filter>Header Files</Filter>
    </ClInclude>
    <ClInclude Include="stlstuff.h">
      <Filter>Header Files</Filter>
    </ClInclude>
    <ClInclude Include="strdup.h">
      <Filter>Header Files</Filter>
    </ClInclude>
    <ClInclude Include="stringp.h">
      <Filter>Header Files</Filter>
    </ClInclude>
    <ClInclude Include="tcollect.h">
      <Filter>Header Files</Filter>
    </ClInclude>
    <ClInclude Include="tok.h">
      <Filter>Header Files</Filter>
    </ClInclude>
    <ClInclude Include="util.h">
      <Filter>Header Files</Filter>
    </ClInclude>
    <ClInclude Include="video.h">
      <Filter>Header Files</Filter>
    </ClInclude>
    <ClInclude Include="zconfig.h">
      <Filter>Header Files</Filter>
    </ClInclude>
    <ClInclude Include="zedclass.h">
      <Filter>Header Files</Filter>
    </ClInclude>
    <ClInclude Include="zeddef.h">
      <Filter>Header Files</Filter>
    </ClInclude>
    <ClInclude Include="zededit.h">
      <Filter>Header Files</Filter>
    </ClInclude>
  </ItemGroup>
</Project>